
Microsoft Visual Studio Solution File, Format Version 12.00
# Visual Studio Version 16
VisualStudioVersion = 16.0.30907.101
MinimumVisualStudioVersion = 10.0.40219.1
Project("{FAE04EC0-301F-11D3-BF4B-00C04F79EFBC}") = "GreenvilleAdvertisement", "GreenvilleAdvertisement\GreenvilleAdvertisement.csproj", "{D031FBA8-18E2-44D0-89F9-F5D65257E53A}"
EndProject
Global
	GlobalSection(SolutionConfigurationPlatforms) = preSolution
		Debug|Any CPU = Debug|Any CPU
		Release|Any CPU = Release|Any CPU
	EndGlobalSection
	GlobalSection(ProjectConfigurationPlatforms) = postSolution
		{D031FBA8-18E2-44D0-89F9-F5D65257E53A}.Debug|Any CPU.ActiveCfg = Debug|Any CPU
		{D031FBA8-18E2-44D0-89F9-F5D65257E53A}.Debug|Any CPU.Build.0 = Debug|Any CPU
		{D031FBA8-18E2-44D0-89F9-F5D65257E53A}.Release|Any CPU.ActiveCfg = Release|Any CPU
		{D031FBA8-18E2-44D0-89F9-F5D65257E53A}.Release|Any CPU.Build.0 = Release|Any CPU
	EndGlobalSection
	GlobalSection(SolutionProperties) = preSolution
		HideSolutionNode = FALSE
	EndGlobalSection
	GlobalSection(ExtensibilityGlobals) = postSolution
		SolutionGuid = {07F5EC08-FFC0-4E23-BC25-4CCEAA5A439A}
	EndGlobalSection
EndGlobal
